
Microsoft Visual Studio Solution File, Format Version 12.00
# Visual Studio Version 17
VisualStudioVersion = 17.14.37216.2 d17.14
MinimumVisualStudioVersion = 10.0.40219.1
Project("{FAE04EC0-301F-11D3-BF4B-00C04F79EFBC}") = "PCODTracker.API", "PCODTracker.API\PCODTracker.API.csproj", "{7DF1F58A-6F89-4380-A19E-9B1C2C24DE73}"
EndProject
Project("{FAE04EC0-301F-11D3-BF4B-00C04F79EFBC}") = "PCODTracker.UI", "PCODTracker.UI\PCODTracker.UI.csproj", "{5AC06DE7-D176-4E91-A6C6-AA0818E5FFEF}"
EndProject
Global
	GlobalSection(SolutionConfigurationPlatforms) = preSolution
		Debug|Any CPU = Debug|Any CPU
		Release|Any CPU = Release|Any CPU
	EndGlobalSection
	GlobalSection(ProjectConfigurationPlatforms) = postSolution
		{7DF1F58A-6F89-4380-A19E-9B1C2C24DE73}.Debug|Any CPU.ActiveCfg = Debug|Any CPU
		{7DF1F58A-6F89-4380-A19E-9B1C2C24DE73}.Debug|Any CPU.Build.0 = Debug|Any CPU
		{7DF1F58A-6F89-4380-A19E-9B1C2C24DE73}.Release|Any CPU.ActiveCfg = Release|Any CPU
		{7DF1F58A-6F89-4380-A19E-9B1C2C24DE73}.Release|Any CPU.Build.0 = Release|Any CPU
		{5AC06DE7-D176-4E91-A6C6-AA0818E5FFEF}.Debug|Any CPU.ActiveCfg = Debug|Any CPU
		{5AC06DE7-D176-4E91-A6C6-AA0818E5FFEF}.Debug|Any CPU.Build.0 = Debug|Any CPU
		{5AC06DE7-D176-4E91-A6C6-AA0818E5FFEF}.Release|Any CPU.ActiveCfg = Release|Any CPU
		{5AC06DE7-D176-4E91-A6C6-AA0818E5FFEF}.Release|Any CPU.Build.0 = Release|Any CPU
	EndGlobalSection
	GlobalSection(SolutionProperties) = preSolution
		HideSolutionNode = FALSE
	EndGlobalSection
	GlobalSection(ExtensibilityGlobals) = postSolution
		SolutionGuid = {EF0A25DF-4270-4C2E-8CC2-B3B7D98AD684}
	EndGlobalSection
EndGlobal
